// !$*UTF8*$!
{
	archiveVersion = 1;
	classes = {
	};
	objectVersion = 46;
	objects = {

/* Begin PBXBuildFile section */
		7D1031851D3B30FF0015BBCC /* CalendarUtils.swift in Sources */ = {isa = PBXBuildFile; fileRef = 7D1031841D3B30FF0015BBCC /* CalendarUtils.swift */; };
		7D17C2F71D64AF880098674A /* CalendarCellView.swift in Sources */ = {isa = PBXBuildFile; fileRef = 7D17C2F61D64AF880098674A /* CalendarCellView.swift */; };
		7D17C2F91D65F9DD0098674A /* CalendarConstant.swift in Sources */ = {isa = PBXBuildFile; fileRef = 7D17C2F81D65F9DD0098674A /* CalendarConstant.swift */; };
		7D17C2FB1D6752B20098674A /* PlanetData.swift in Sources */ = {isa = PBXBuildFile; fileRef = 7D17C2FA1D6752B20098674A /* PlanetData.swift */; };
		7D6278771D39D44C00B9CDD4 /* AppDelegate.swift in Sources */ = {isa = PBXBuildFile; fileRef = 7D6278761D39D44C00B9CDD4 /* AppDelegate.swift */; };
		7D6278791D39D44C00B9CDD4 /* Assets.xcassets in Resources */ = {isa = PBXBuildFile; fileRef = 7D6278781D39D44C00B9CDD4 /* Assets.xcassets */; };
		7D62787C1D39D44C00B9CDD4 /* MainMenu.xib in Resources */ = {isa = PBXBuildFile; fileRef = 7D62787A1D39D44C00B9CDD4 /* MainMenu.xib */; };
		7D6278851D39D57B00B9CDD4 /* CalendarViewController.swift in Sources */ = {isa = PBXBuildFile; fileRef = 7D6278831D39D57B00B9CDD4 /* CalendarViewController.swift */; };
		7D6278861D39D57B00B9CDD4 /* CalendarViewController.xib in Resources */ = {isa = PBXBuildFile; fileRef = 7D6278841D39D57B00B9CDD4 /* CalendarViewController.xib */; };
/* End PBXBuildFile section */

/* Begin PBXFileReference section */
		7D1031841D3B30FF0015BBCC /* CalendarUtils.swift */ = {isa = PBXFileReference; fileEncoding = 4; lastKnownFileType = sourcecode.swift; path = CalendarUtils.swift; sourceTree = "<group>"; };
		7D17C2F61D64AF880098674A /* CalendarCellView.swift */ = {isa = PBXFileReference; fileEncoding = 4; lastKnownFileType = sourcecode.swift; path = CalendarCellView.swift; sourceTree = "<group>"; };
		7D17C2F81D65F9DD0098674A /* CalendarConstant.swift */ = {isa = PBXFileReference; fileEncoding = 4; lastKnownFileType = sourcecode.swift; path = CalendarConstant.swift; sourceTree = "<group>"; };
		7D17C2FA1D6752B20098674A /* PlanetData.swift */ = {isa = PBXFileReference; fileEncoding = 4; lastKnownFileType = sourcecode.swift; path = PlanetData.swift; sourceTree = "<group>"; };
		7D6278731D39D44C00B9CDD4 /* MacCalendar.app */ = {isa = PBXFileReference; explicitFileType = wrapper.application; includeInIndex = 0; path = MacCalendar.app; sourceTree = BUILT_PRODUCTS_DIR; };
		7D6278761D39D44C00B9CDD4 /* AppDelegate.swift */ = {isa = PBXFileReference; lastKnownFileType = sourcecode.swift; path = AppDelegate.swift; sourceTree = "<group>"; };
		7D6278781D39D44C00B9CDD4 /* Assets.xcassets */ = {isa = PBXFileReference; lastKnownFileType = folder.assetcatalog; path = Assets.xcassets; sourceTree = "<group>"; };
		7D62787B1D39D44C00B9CDD4 /* Base */ = {isa = PBXFileReference; lastKnownFileType = file.xib; name = Base; path = Base.lproj/MainMenu.xib; sourceTree = "<group>"; };
		7D62787D1D39D44C00B9CDD4 /* Info.plist */ = {isa = PBXFileReference; lastKnownFileType = text.plist.xml; path = Info.plist; sourceTree = "<group>"; };
		7D6278831D39D57B00B9CDD4 /* CalendarViewController.swift */ = {isa = PBXFileReference; fileEncoding = 4; lastKnownFileType = sourcecode.swift; path = CalendarViewController.swift; sourceTree = "<group>"; };
		7D6278841D39D57B00B9CDD4 /* CalendarViewController.xib */ = {isa = PBXFileReference; fileEncoding = 4; lastKnownFileType = file.xib; path = CalendarViewController.xib; sourceTree = "<group>"; };
/* End PBXFileReference section */

/* Begin PBXFrameworksBuildPhase section */
		7D6278701D39D44C00B9CDD4 /* Frameworks */ = {
			isa = PBXFrameworksBuildPhase;
			buildActionMask = 2147483647;
			files = (
			);
			runOnlyForDeploymentPostprocessing = 0;
		};
/* End PBXFrameworksBuildPhase section */

/* Begin PBXGroup section */
		7D1031831D3B30ED0015BBCC /* CalendarUtil */ = {
			isa = PBXGroup;
			children = (
				7D1031841D3B30FF0015BBCC /* CalendarUtils.swift */,
				7D17C2F81D65F9DD0098674A /* CalendarConstant.swift */,
				7D17C2FA1D6752B20098674A /* PlanetData.swift */,
			);
			name = CalendarUtil;
			sourceTree = "<group>";
		};
		7D62786A1D39D44C00B9CDD4 = {
			isa = PBXGroup;
			children = (
				7D6278751D39D44C00B9CDD4 /* MacCalendar */,
				7D6278741D39D44C00B9CDD4 /* Products */,
			);
			sourceTree = "<group>";
		};
		7D6278741D39D44C00B9CDD4 /* Products */ = {
			isa = PBXGroup;
			children = (
				7D6278731D39D44C00B9CDD4 /* MacCalendar.app */,
			);
			name = Products;
			sourceTree = "<group>";
		};
		7D6278751D39D44C00B9CDD4 /* MacCalendar */ = {
			isa = PBXGroup;
			children = (
				7D1031831D3B30ED0015BBCC /* CalendarUtil */,
				7D6278761D39D44C00B9CDD4 /* AppDelegate.swift */,
				7D6278781D39D44C00B9CDD4 /* Assets.xcassets */,
				7D62787A1D39D44C00B9CDD4 /* MainMenu.xib */,
				7D62787D1D39D44C00B9CDD4 /* Info.plist */,
				7D6278831D39D57B00B9CDD4 /* CalendarViewController.swift */,
				7D6278841D39D57B00B9CDD4 /* CalendarViewController.xib */,
				7D17C2F61D64AF880098674A /* CalendarCellView.swift */,
			);
			path = MacCalendar;
			sourceTree = "<group>";
		};
/* End PBXGroup section */

/* Begin PBXNativeTarget section */
		7D6278721D39D44C00B9CDD4 /* MacCalendar */ = {
			isa = PBXNativeTarget;
			buildConfigurationList = 7D6278801D39D44C00B9CDD4 /* Build configuration list for PBXNativeTarget "MacCalendar" */;
			buildPhases = (
				7D62786F1D39D44C00B9CDD4 /* Sources */,
				7D6278701D39D44C00B9CDD4 /* Frameworks */,
				7D6278711D39D44C00B9CDD4 /* Resources */,
			);
			buildRules = (
			);
			dependencies = (
			);
			name = MacCalendar;
			productName = MacCalendar;
			productReference = 7D6278731D39D44C00B9CDD4 /* MacCalendar.app */;
			productType = "com.apple.product-type.application";
		};
/* End PBXNativeTarget section */

/* Begin PBXProject section */
		7D62786B1D39D44C00B9CDD4 /* Project object */ = {
			isa = PBXProject;
			attributes = {
				LastSwiftUpdateCheck = 0730;
				LastUpgradeCheck = 0730;
				ORGANIZATIONNAME = bugcode;
				TargetAttributes = {
					7D6278721D39D44C00B9CDD4 = {
						CreatedOnToolsVersion = 7.3.1;
						LastSwiftMigration = 0800;
					};
				};
			};
			buildConfigurationList = 7D62786E1D39D44C00B9CDD4 /* Build configuration list for PBXProject "MacCalendar" */;
			compatibilityVersion = "Xcode 3.2";
			developmentRegion = English;
			hasScannedForEncodings = 0;
			knownRegions = (
				en,
				Base,
			);
			mainGroup = 7D62786A1D39D44C00B9CDD4;
			productRefGroup = 7D6278741D39D44C00B9CDD4 /* Products */;
			projectDirPath = "";
			projectRoot = "";
			targets = (
				7D6278721D39D44C00B9CDD4 /* MacCalendar */,
			);
		};
/* End PBXProject section */

/* Begin PBXResourcesBuildPhase section */
		7D6278711D39D44C00B9CDD4 /* Resources */ = {
			isa = PBXResourcesBuildPhase;
			buildActionMask = 2147483647;
			files = (
				7D6278791D39D44C00B9CDD4 /* Assets.xcassets in Resources */,
				7D62787C1D39D44C00B9CDD4 /* MainMenu.xib in Resources */,
				7D6278861D39D57B00B9CDD4 /* CalendarViewController.xib in Resources */,
			);
			runOnlyForDeploymentPostprocessing = 0;
		};
/* End PBXResourcesBuildPhase section */

/* Begin PBXSourcesBuildPhase section */
		7D62786F1D39D44C00B9CDD4 /* Sources */ = {
			isa = PBXSourcesBuildPhase;
			buildActionMask = 2147483647;
			files = (
				7D17C2F91D65F9DD0098674A /* CalendarConstant.swift in Sources */,
				7D1031851D3B30FF0015BBCC /* CalendarUtils.swift in Sources */,
				7D6278851D39D57B00B9CDD4 /* CalendarViewController.swift in Sources */,
				7D17C2F71D64AF880098674A /* CalendarCellView.swift in Sources */,
				7D6278771D39D44C00B9CDD4 /* AppDelegate.swift in Sources */,
				7D17C2FB1D6752B20098674A /* PlanetData.swift in Sources */,
			);
			runOnlyForDeploymentPostprocessing = 0;
		};
/* End PBXSourcesBuildPhase section */

/* Begin PBXVariantGroup section */
		7D62787A1D39D44C00B9CDD4 /* MainMenu.xib */ = {
			isa = PBXVariantGroup;
			children = (
				7D62787B1D39D44C00B9CDD4 /* Base */,
			);
			name = MainMenu.xib;
			sourceTree = "<group>";
		};
/* End PBXVariantGroup section */

/* Begin XCBuildConfiguration section */
		7D62787E1D39D44C00B9CDD4 /* Debug */ = {
			isa = XCBuildConfiguration;
			buildSettings = {
				ALWAYS_SEARCH_USER_PATHS = NO;
				CLANG_ANALYZER_NONNULL = YES;
				CLANG_CXX_LANGUAGE_STANDARD = "gnu++0x";
				CLANG_CXX_LIBRARY = "libc++";
				CLANG_ENABLE_MODULES = YES;
				CLANG_ENABLE_OBJC_ARC = YES;
				CLANG_WARN_BOOL_CONVERSION = YES;
				CLANG_WARN_CONSTANT_CONVERSION = YES;
				CLANG_WARN_DIRECT_OBJC_ISA_USAGE = YES_ERROR;
				CLANG_WARN_EMPTY_BODY = YES;
				CLANG_WARN_ENUM_CONVERSION = YES;
				CLANG_WARN_INT_CONVERSION = YES;
				CLANG_WARN_OBJC_ROOT_CLASS = YES_ERROR;
				CLANG_WARN_UNREACHABLE_CODE = YES;
				CLANG_WARN__DUPLICATE_METHOD_MATCH = YES;
				CODE_SIGN_IDENTITY = "-";
				COPY_PHASE_STRIP = NO;
				DEBUG_INFORMATION_FORMAT = dwarf;
				ENABLE_STRICT_OBJC_MSGSEND = YES;
				ENABLE_TESTABILITY = YES;
				GCC_C_LANGUAGE_STANDARD = gnu99;
				GCC_DYNAMIC_NO_PIC = NO;
				GCC_NO_COMMON_BLOCKS = YES;
				GCC_OPTIMIZATION_LEVEL = 0;
				GCC_PREPROCESSOR_DEFINITIONS = (
					"DEBUG=1",
					"$(inherited)",
				);
				GCC_WARN_64_TO_32_BIT_CONVERSION = YES;
				GCC_WARN_ABOUT_RETURN_TYPE = YES_ERROR;
				GCC_WARN_UNDECLARED_SELECTOR = YES;
				GCC_WARN_UNINITIALIZED_AUTOS = YES_AGGRESSIVE;
				GCC_WARN_UNUSED_FUNCTION = YES;
				GCC_WARN_UNUSED_VARIABLE = YES;
				MACOSX_DEPLOYMENT_TARGET = 10.11;
				MTL_ENABLE_DEBUG_INFO = YES;
				ONLY_ACTIVE_ARCH = YES;
				SDKROOT = macosx;
				SWIFT_OPTIMIZATION_LEVEL = "-Onone";
			};
			name = Debug;
		};
		7D62787F1D39D44C00B9CDD4 /* Release */ = {
			isa = XCBuildConfiguration;
			buildSettings = {
				ALWAYS_SEARCH_USER_PATHS = NO;
				CLANG_ANALYZER_NONNULL = YES;
				CLANG_CXX_LANGUAGE_STANDARD = "gnu++0x";
				CLANG_CXX_LIBRARY = "libc++";
				CLANG_ENABLE_MODULES = YES;
				CLANG_ENABLE_OBJC_ARC = YES;
				CLANG_WARN_BOOL_CONVERSION = YES;
				CLANG_WARN_CONSTANT_CONVERSION = YES;
				CLANG_WARN_DIRECT_OBJC_ISA_USAGE = YES_ERROR;
				CLANG_WARN_EMPTY_BODY = YES;
				CLANG_WARN_ENUM_CONVERSION = YES;
				CLANG_WARN_INT_CONVERSION = YES;
				CLANG_WARN_OBJC_ROOT_CLASS = YES_ERROR;
				CLANG_WARN_UNREACHABLE_CODE = YES;
				CLANG_WARN__DUPLICATE_METHOD_MATCH = YES;
				CODE_SIGN_IDENTITY = "-";
				COPY_PHASE_STRIP = NO;
				DEBUG_INFORMATION_FORMAT = "dwarf-with-dsym";
				ENABLE_NS_ASSERTIONS = NO;
				ENABLE_STRICT_OBJC_MSGSEND = YES;
				GCC_C_LANGUAGE_STANDARD = gnu99;
				GCC_NO_COMMON_BLOCKS = YES;
				GCC_WARN_64_TO_32_BIT_CONVERSION = YES;
				GCC_WARN_ABOUT_RETURN_TYPE = YES_ERROR;
				GCC_WARN_UNDECLARED_SELECTOR = YES;
				GCC_WARN_UNINITIALIZED_AUTOS = YES_AGGRESSIVE;
				GCC_WARN_UNUSED_FUNCTION = YES;
				GCC_WARN_UNUSED_VARIABLE = YES;
				MACOSX_DEPLOYMENT_TARGET = 10.11;
				MTL_ENABLE_DEBUG_INFO = NO;
				SDKROOT = macosx;
			};
			name = Release;
		};
		7D6278811D39D44C00B9CDD4 /* Debug */ = {
			isa = XCBuildConfiguration;
			buildSettings = {
				ASSETCATALOG_COMPILER_APPICON_NAME = AppIcon;
				COMBINE_HIDPI_IMAGES = YES;
				INFOPLIST_FILE = MacCalendar/Info.plist;
				LD_RUNPATH_SEARCH_PATHS = "$(inherited) @executable_path/../Frameworks";
				PRODUCT_BUNDLE_IDENTIFIER = bugcode.MacCalendar;
				PRODUCT_NAME = "$(TARGET_NAME)";
				SWIFT_VERSION = 3.0;
			};
			name = Debug;
		};
		7D6278821D39D44C00B9CDD4 /* Release */ = {
			isa = XCBuildConfiguration;
			buildSettings = {
				ASSETCATALOG_COMPILER_APPICON_NAME = AppIcon;
				COMBINE_HIDPI_IMAGES = YES;
				INFOPLIST_FILE = MacCalendar/Info.plist;
				LD_RUNPATH_SEARCH_PATHS = "$(inherited) @executable_path/../Frameworks";
				PRODUCT_BUNDLE_IDENTIFIER = bugcode.MacCalendar;
				PRODUCT_NAME = "$(TARGET_NAME)";
				SWIFT_VERSION = 3.0;
			};
			name = Release;
		};
/* End XCBuildConfiguration section */

/* Begin XCConfigurationList section */
		7D62786E1D39D44C00B9CDD4 /* Build configuration list for PBXProject "MacCalendar" */ = {
			isa = XCConfigurationList;
			buildConfigurations = (
				7D62787E1D39D44C00B9CDD4 /* Debug */,
				7D62787F1D39D44C00B9CDD4 /* Release */,
			);
			defaultConfigurationIsVisible = 0;
			defaultConfigurationName = Release;
		};
		7D6278801D39D44C00B9CDD4 /* Build configuration list for PBXNativeTarget "MacCalendar" */ = {
			isa = XCConfigurationList;
			buildConfigurations = (
				7D6278811D39D44C00B9CDD4 /* Debug */,
				7D6278821D39D44C00B9CDD4 /* Release */,
			);
			defaultConfigurationIsVisible = 0;
			defaultConfigurationName = Release;
		};
/* End XCConfigurationList section */
	};
	rootObject = 7D62786B1D39D44C00B9CDD4 /* Project object */;
}
